// !$*UTF8*$!
{
	archiveVersion = 1;
	classes = {
	};
	objectVersion = 48;
	objects = {

/* Begin PBXBuildFile section */
		112FE5671F4F95A200BF85EA /* Assets.xcassets in Resources */ = {isa = PBXBuildFile; fileRef = 112FE5661F4F95A200BF85EA /* Assets.xcassets */; };
		842316E01F2030C300D189D1 /* AppDelegate.swift in Sources */ = {isa = PBXBuildFile; fileRef = 842316DF1F2030C300D189D1 /* AppDelegate.swift */; };
		842316E41F2030C300D189D1 /* ViewController.swift in Sources */ = {isa = PBXBuildFile; fileRef = 842316E31F2030C300D189D1 /* ViewController.swift */; };
		842316E71F2030C300D189D1 /* Main.storyboard in Resources */ = {isa = PBXBuildFile; fileRef = 842316E51F2030C300D189D1 /* Main.storyboard */; };
		842316EC1F2030C300D189D1 /* LaunchScreen.storyboard in Resources */ = {isa = PBXBuildFile; fileRef = 842316EA1F2030C300D189D1 /* LaunchScreen.storyboard */; };
		84ABEA0A1F3D15E70052D547 /* Assets.scnassets in Resources */ = {isa = PBXBuildFile; fileRef = 84ABEA091F3D15E70052D547 /* Assets.scnassets */; };
		FA43458B207F4F7C00339ACF /* UIView+AddShadowMotionEffects.swift in Sources */ = {isa = PBXBuildFile; fileRef = FA43458A207F4F7C00339ACF /* UIView+AddShadowMotionEffects.swift */; };
		FA43458D207F50B500339ACF /* UIView+AddParallaxMotionEffects.swift in Sources */ = {isa = PBXBuildFile; fileRef = FA43458C207F50B500339ACF /* UIView+AddParallaxMotionEffects.swift */; };
		FA75FD34207733EA008A4B42 /* AppState.swift in Sources */ = {isa = PBXBuildFile; fileRef = FA75FD33207733EA008A4B42 /* AppState.swift */; };
		FA75FD3E20774484008A4B42 /* UserDefaults.swift in Sources */ = {isa = PBXBuildFile; fileRef = FA75FD3D20774484008A4B42 /* UserDefaults.swift */; };
		FA75FD462077FC6A008A4B42 /* ARVideoKit.framework in Frameworks */ = {isa = PBXBuildFile; fileRef = FA75FD442077FC46008A4B42 /* ARVideoKit.framework */; };
		FA75FD492077FE2F008A4B42 /* ViewController+RecordAR.swift in Sources */ = {isa = PBXBuildFile; fileRef = FA75FD482077FE2F008A4B42 /* ViewController+RecordAR.swift */; };
		FA75FD4E2077FFBC008A4B42 /* RecordButton.swift in Sources */ = {isa = PBXBuildFile; fileRef = FA75FD4D2077FFBC008A4B42 /* RecordButton.swift */; };
		FA75FD512078038B008A4B42 /* InstagramActivityIndicator.swift in Sources */ = {isa = PBXBuildFile; fileRef = FA75FD502078038B008A4B42 /* InstagramActivityIndicator.swift */; };
		FA75FD532078A664008A4B42 /* ARVideoKit.framework in Embed Frameworks */ = {isa = PBXBuildFile; fileRef = FA75FD442077FC46008A4B42 /* ARVideoKit.framework */; settings = {ATTRIBUTES = (CodeSignOnCopy, RemoveHeadersOnCopy, ); }; };
		FA75FD582079FFE0008A4B42 /* ViewController+AVPlayerViewControllerDelegate.swift in Sources */ = {isa = PBXBuildFile; fileRef = FA75FD572079FFE0008A4B42 /* ViewController+AVPlayerViewControllerDelegate.swift */; };
		FA7FF8042074234F00C969A9 /* SCNMathExtensions.swift in Sources */ = {isa = PBXBuildFile; fileRef = FA7FF8032074234E00C969A9 /* SCNMathExtensions.swift */; };
		FA7FF8062074AAC600C969A9 /* SCNRibbon.swift in Sources */ = {isa = PBXBuildFile; fileRef = FA7FF8052074AAC600C969A9 /* SCNRibbon.swift */; };
		FAAAACAD2072C9AE00D3B84D /* PressStart2P-Regular.ttf in Resources */ = {isa = PBXBuildFile; fileRef = FAAAACAC2072C9AE00D3B84D /* PressStart2P-Regular.ttf */; };
/* End PBXBuildFile section */

/* Begin PBXContainerItemProxy section */
		FA75FD432077FC46008A4B42 /* PBXContainerItemProxy */ = {
			isa = PBXContainerItemProxy;
			containerPortal = FA75FD3F2077FC46008A4B42 /* ARVideoKit.xcodeproj */;
			proxyType = 2;
			remoteGlobalIDString = FBD604DA1FA969DD00EC9804;
			remoteInfo = ARVideoKit;
		};
		FA75FD542078A664008A4B42 /* PBXContainerItemProxy */ = {
			isa = PBXContainerItemProxy;
			containerPortal = FA75FD3F2077FC46008A4B42 /* ARVideoKit.xcodeproj */;
			proxyType = 1;
			remoteGlobalIDString = FBD604D91FA969DD00EC9804;
			remoteInfo = ARVideoKit;
		};
/* End PBXContainerItemProxy section */

/* Begin PBXCopyFilesBuildPhase section */
		FA75FD562078A664008A4B42 /* Embed Frameworks */ = {
			isa = PBXCopyFilesBuildPhase;
			buildActionMask = 2147483647;
			dstPath = "";
			dstSubfolderSpec = 10;
			files = (
				FA75FD532078A664008A4B42 /* ARVideoKit.framework in Embed Frameworks */,
			);
			name = "Embed Frameworks";
			runOnlyForDeploymentPostprocessing = 0;
		};
/* End PBXCopyFilesBuildPhase section */

/* Begin PBXFileReference section */
		112FE5661F4F95A200BF85EA /* Assets.xcassets */ = {isa = PBXFileReference; lastKnownFileType = folder.assetcatalog; path = Assets.xcassets; sourceTree = "<group>"; };
		842316DC1F2030C300D189D1 /* Gravity.app */ = {isa = PBXFileReference; explicitFileType = wrapper.application; includeInIndex = 0; path = Gravity.app; sourceTree = BUILT_PRODUCTS_DIR; };
		842316DF1F2030C300D189D1 /* AppDelegate.swift */ = {isa = PBXFileReference; lastKnownFileType = sourcecode.swift; path = AppDelegate.swift; sourceTree = "<group>"; };
		842316E31F2030C300D189D1 /* ViewController.swift */ = {isa = PBXFileReference; lastKnownFileType = sourcecode.swift; path = ViewController.swift; sourceTree = "<group>"; };
		842316E61F2030C300D189D1 /* Base */ = {isa = PBXFileReference; lastKnownFileType = file.storyboard; name = Base; path = Base.lproj/Main.storyboard; sourceTree = "<group>"; };
		842316EB1F2030C300D189D1 /* Base */ = {isa = PBXFileReference; lastKnownFileType = file.storyboard; name = Base; path = Base.lproj/LaunchScreen.storyboard; sourceTree = "<group>"; };
		842316ED1F2030C300D189D1 /* Info.plist */ = {isa = PBXFileReference; lastKnownFileType = text.plist.xml; path = Info.plist; sourceTree = "<group>"; };
		84ABEA091F3D15E70052D547 /* Assets.scnassets */ = {isa = PBXFileReference; lastKnownFileType = wrapper.scnassets; path = Assets.scnassets; sourceTree = "<group>"; };
		FA43458A207F4F7C00339ACF /* UIView+AddShadowMotionEffects.swift */ = {isa = PBXFileReference; lastKnownFileType = sourcecode.swift; path = "UIView+AddShadowMotionEffects.swift"; sourceTree = "<group>"; };
		FA43458C207F50B500339ACF /* UIView+AddParallaxMotionEffects.swift */ = {isa = PBXFileReference; lastKnownFileType = sourcecode.swift; path = "UIView+AddParallaxMotionEffects.swift"; sourceTree = "<group>"; };
		FA75FD33207733EA008A4B42 /* AppState.swift */ = {isa = PBXFileReference; lastKnownFileType = sourcecode.swift; path = AppState.swift; sourceTree = "<group>"; };
		FA75FD3D20774484008A4B42 /* UserDefaults.swift */ = {isa = PBXFileReference; lastKnownFileType = sourcecode.swift; path = UserDefaults.swift; sourceTree = "<group>"; };
		FA75FD3F2077FC46008A4B42 /* ARVideoKit.xcodeproj */ = {isa = PBXFileReference; lastKnownFileType = "wrapper.pb-project"; name = ARVideoKit.xcodeproj; path = ARVideoKit/ARVideoKit.xcodeproj; sourceTree = "<group>"; };
		FA75FD482077FE2F008A4B42 /* ViewController+RecordAR.swift */ = {isa = PBXFileReference; lastKnownFileType = sourcecode.swift; path = "ViewController+RecordAR.swift"; sourceTree = "<group>"; };
		FA75FD4D2077FFBC008A4B42 /* RecordButton.swift */ = {isa = PBXFileReference; fileEncoding = 4; lastKnownFileType = sourcecode.swift; path = RecordButton.swift; sourceTree = "<group>"; };
		FA75FD502078038B008A4B42 /* InstagramActivityIndicator.swift */ = {isa = PBXFileReference; fileEncoding = 4; lastKnownFileType = sourcecode.swift; path = InstagramActivityIndicator.swift; sourceTree = "<group>"; };
		FA75FD572079FFE0008A4B42 /* ViewController+AVPlayerViewControllerDelegate.swift */ = {isa = PBXFileReference; lastKnownFileType = sourcecode.swift; path = "ViewController+AVPlayerViewControllerDelegate.swift"; sourceTree = "<group>"; };
		FA7FF8032074234E00C969A9 /* SCNMathExtensions.swift */ = {isa = PBXFileReference; fileEncoding = 4; lastKnownFileType = sourcecode.swift; path = SCNMathExtensions.swift; sourceTree = "<group>"; };
		FA7FF8052074AAC600C969A9 /* SCNRibbon.swift */ = {isa = PBXFileReference; lastKnownFileType = sourcecode.swift; path = SCNRibbon.swift; sourceTree = "<group>"; };
		FAAAACAC2072C9AE00D3B84D /* PressStart2P-Regular.ttf */ = {isa = PBXFileReference; lastKnownFileType = file; path = "PressStart2P-Regular.ttf"; sourceTree = "<group>"; };
/* End PBXFileReference section */

/* Begin PBXFrameworksBuildPhase section */
		842316D91F2030C300D189D1 /* Frameworks */ = {
			isa = PBXFrameworksBuildPhase;
			buildActionMask = 2147483647;
			files = (
				FA75FD462077FC6A008A4B42 /* ARVideoKit.framework in Frameworks */,
			);
			runOnlyForDeploymentPostprocessing = 0;
		};
/* End PBXFrameworksBuildPhase section */

/* Begin PBXGroup section */
		842316D31F2030C300D189D1 = {
			isa = PBXGroup;
			children = (
				FA75FD4F2078036E008A4B42 /* InstagramActivityIndicator */,
				FA75FD4C2077FFA6008A4B42 /* RecordButton */,
				FA75FD3F2077FC46008A4B42 /* ARVideoKit.xcodeproj */,
				842316DE1F2030C300D189D1 /* Gravity */,
				842316DD1F2030C300D189D1 /* Products */,
				FA75FD452077FC6A008A4B42 /* Frameworks */,
			);
			sourceTree = "<group>";
		};
		842316DD1F2030C300D189D1 /* Products */ = {
			isa = PBXGroup;
			children = (
				842316DC1F2030C300D189D1 /* Gravity.app */,
			);
			name = Products;
			sourceTree = "<group>";
		};
		842316DE1F2030C300D189D1 /* Gravity */ = {
			isa = PBXGroup;
			children = (
				842316DF1F2030C300D189D1 /* AppDelegate.swift */,
				FA75FD33207733EA008A4B42 /* AppState.swift */,
				FA75FD3D20774484008A4B42 /* UserDefaults.swift */,
				FA75FD4A2077FEA0008A4B42 /* SceneKit Extensions */,
				FA75FD472077FE0F008A4B42 /* Main View Controller */,
				FA75FD4B2077FEC1008A4B42 /* Fonts */,
				842316E51F2030C300D189D1 /* Main.storyboard */,
				842316EA1F2030C300D189D1 /* LaunchScreen.storyboard */,
				842316ED1F2030C300D189D1 /* Info.plist */,
				84ABEA091F3D15E70052D547 /* Assets.scnassets */,
				112FE5661F4F95A200BF85EA /* Assets.xcassets */,
			);
			path = Gravity;
			sourceTree = "<group>";
		};
		FA75FD402077FC46008A4B42 /* Products */ = {
			isa = PBXGroup;
			children = (
				FA75FD442077FC46008A4B42 /* ARVideoKit.framework */,
			);
			name = Products;
			sourceTree = "<group>";
		};
		FA75FD452077FC6A008A4B42 /* Frameworks */ = {
			isa = PBXGroup;
			children = (
			);
			name = Frameworks;
			sourceTree = "<group>";
		};
		FA75FD472077FE0F008A4B42 /* Main View Controller */ = {
			isa = PBXGroup;
			children = (
				842316E31F2030C300D189D1 /* ViewController.swift */,
				FA43458A207F4F7C00339ACF /* UIView+AddShadowMotionEffects.swift */,
				FA43458C207F50B500339ACF /* UIView+AddParallaxMotionEffects.swift */,
				FA75FD482077FE2F008A4B42 /* ViewController+RecordAR.swift */,
				FA75FD572079FFE0008A4B42 /* ViewController+AVPlayerViewControllerDelegate.swift */,
			);
			path = "Main View Controller";
			sourceTree = "<group>";
		};
		FA75FD4A2077FEA0008A4B42 /* SceneKit Extensions */ = {
			isa = PBXGroup;
			children = (
				FA7FF8052074AAC600C969A9 /* SCNRibbon.swift */,
				FA7FF8032074234E00C969A9 /* SCNMathExtensions.swift */,
			);
			path = "SceneKit Extensions";
			sourceTree = "<group>";
		};
		FA75FD4B2077FEC1008A4B42 /* Fonts */ = {
			isa = PBXGroup;
			children = (
				FAAAACAC2072C9AE00D3B84D /* PressStart2P-Regular.ttf */,
			);
			path = Fonts;
			sourceTree = "<group>";
		};
		FA75FD4C2077FFA6008A4B42 /* RecordButton */ = {
			isa = PBXGroup;
			children = (
				FA75FD4D2077FFBC008A4B42 /* RecordButton.swift */,
			);
			path = RecordButton;
			sourceTree = "<group>";
		};
		FA75FD4F2078036E008A4B42 /* InstagramActivityIndicator */ = {
			isa = PBXGroup;
			children = (
				FA75FD502078038B008A4B42 /* InstagramActivityIndicator.swift */,
			);
			path = InstagramActivityIndicator;
			sourceTree = "<group>";
		};
/* End PBXGroup section */

/* Begin PBXNativeTarget section */
		842316DB1F2030C300D189D1 /* Gravity */ = {
			isa = PBXNativeTarget;
			buildConfigurationList = 842316F01F2030C300D189D1 /* Build configuration list for PBXNativeTarget "Gravity" */;
			buildPhases = (
				842316D81F2030C300D189D1 /* Sources */,
				842316D91F2030C300D189D1 /* Frameworks */,
				842316DA1F2030C300D189D1 /* Resources */,
				FA75FD562078A664008A4B42 /* Embed Frameworks */,
			);
			buildRules = (
			);
			dependencies = (
				FA75FD552078A664008A4B42 /* PBXTargetDependency */,
			);
			name = Gravity;
			productName = ARKitBasics;
			productReference = 842316DC1F2030C300D189D1 /* Gravity.app */;
			productType = "com.apple.product-type.application";
		};
/* End PBXNativeTarget section */

/* Begin PBXProject section */
		842316D41F2030C300D189D1 /* Project object */ = {
			isa = PBXProject;
			attributes = {
				LastSwiftUpdateCheck = 0900;
				LastUpgradeCheck = 0930;
				ORGANIZATIONNAME = Apple;
				TargetAttributes = {
					842316DB1F2030C300D189D1 = {
						CreatedOnToolsVersion = 9.0;
					};
				};
			};
			buildConfigurationList = 842316D71F2030C300D189D1 /* Build configuration list for PBXProject "Gravity" */;
			compatibilityVersion = "Xcode 8.0";
			developmentRegion = en;
			hasScannedForEncodings = 0;
			knownRegions = (
				en,
				Base,
			);
			mainGroup = 842316D31F2030C300D189D1;
			productRefGroup = 842316DD1F2030C300D189D1 /* Products */;
			projectDirPath = "";
			projectReferences = (
				{
					ProductGroup = FA75FD402077FC46008A4B42 /* Products */;
					ProjectRef = FA75FD3F2077FC46008A4B42 /* ARVideoKit.xcodeproj */;
				},
			);
			projectRoot = "";
			targets = (
				842316DB1F2030C300D189D1 /* Gravity */,
			);
		};
/* End PBXProject section */

/* Begin PBXReferenceProxy section */
		FA75FD442077FC46008A4B42 /* ARVideoKit.framework */ = {
			isa = PBXReferenceProxy;
			fileType = wrapper.framework;
			path = ARVideoKit.framework;
			remoteRef = FA75FD432077FC46008A4B42 /* PBXContainerItemProxy */;
			sourceTree = BUILT_PRODUCTS_DIR;
		};
/* End PBXReferenceProxy section */

/* Begin PBXResourcesBuildPhase section */
		842316DA1F2030C300D189D1 /* Resources */ = {
			isa = PBXResourcesBuildPhase;
			buildActionMask = 2147483647;
			files = (
				84ABEA0A1F3D15E70052D547 /* Assets.scnassets in Resources */,
				FAAAACAD2072C9AE00D3B84D /* PressStart2P-Regular.ttf in Resources */,
				842316EC1F2030C300D189D1 /* LaunchScreen.storyboard in Resources */,
				112FE5671F4F95A200BF85EA /* Assets.xcassets in Resources */,
				842316E71F2030C300D189D1 /* Main.storyboard in Resources */,
			);
			runOnlyForDeploymentPostprocessing = 0;
		};
/* End PBXResourcesBuildPhase section */

/* Begin PBXSourcesBuildPhase section */
		842316D81F2030C300D189D1 /* Sources */ = {
			isa = PBXSourcesBuildPhase;
			buildActionMask = 2147483647;
			files = (
				FA75FD4E2077FFBC008A4B42 /* RecordButton.swift in Sources */,
				FA7FF8042074234F00C969A9 /* SCNMathExtensions.swift in Sources */,
				FA75FD34207733EA008A4B42 /* AppState.swift in Sources */,
				FA75FD492077FE2F008A4B42 /* ViewController+RecordAR.swift in Sources */,
				FA43458D207F50B500339ACF /* UIView+AddParallaxMotionEffects.swift in Sources */,
				FA75FD3E20774484008A4B42 /* UserDefaults.swift in Sources */,
				842316E41F2030C300D189D1 /* ViewController.swift in Sources */,
				FA43458B207F4F7C00339ACF /* UIView+AddShadowMotionEffects.swift in Sources */,
				FA75FD582079FFE0008A4B42 /* ViewController+AVPlayerViewControllerDelegate.swift in Sources */,
				FA75FD512078038B008A4B42 /* InstagramActivityIndicator.swift in Sources */,
				FA7FF8062074AAC600C969A9 /* SCNRibbon.swift in Sources */,
				842316E01F2030C300D189D1 /* AppDelegate.swift in Sources */,
			);
			runOnlyForDeploymentPostprocessing = 0;
		};
/* End PBXSourcesBuildPhase section */

/* Begin PBXTargetDependency section */
		FA75FD552078A664008A4B42 /* PBXTargetDependency */ = {
			isa = PBXTargetDependency;
			name = ARVideoKit;
			targetProxy = FA75FD542078A664008A4B42 /* PBXContainerItemProxy */;
		};
/* End PBXTargetDependency section */

/* Begin PBXVariantGroup section */
		842316E51F2030C300D189D1 /* Main.storyboard */ = {
			isa = PBXVariantGroup;
			children = (
				842316E61F2030C300D189D1 /* Base */,
			);
			name = Main.storyboard;
			sourceTree = "<group>";
		};
		842316EA1F2030C300D189D1 /* LaunchScreen.storyboard */ = {
			isa = PBXVariantGroup;
			children = (
				842316EB1F2030C300D189D1 /* Base */,
			);
			name = LaunchScreen.storyboard;
			sourceTree = "<group>";
		};
/* End PBXVariantGroup section */

/* Begin XCBuildConfiguration section */
		842316EE1F2030C300D189D1 /* Debug */ = {
			isa = XCBuildConfiguration;
			buildSettings = {
				ALWAYS_SEARCH_USER_PATHS = NO;
				CLANG_ANALYZER_NONNULL = YES;
				CLANG_ANALYZER_NUMBER_OBJECT_CONVERSION = YES_AGGRESSIVE;
				CLANG_CXX_LANGUAGE_STANDARD = "gnu++14";
				CLANG_CXX_LIBRARY = "libc++";
				CLANG_ENABLE_MODULES = YES;
				CLANG_ENABLE_OBJC_ARC = YES;
				CLANG_WARN_BLOCK_CAPTURE_AUTORELEASING = YES;
				CLANG_WARN_BOOL_CONVERSION = YES;
				CLANG_WARN_COMMA = YES;
				CLANG_WARN_CONSTANT_CONVERSION = YES;
				CLANG_WARN_DEPRECATED_OBJC_IMPLEMENTATIONS = YES;
				CLANG_WARN_DIRECT_OBJC_ISA_USAGE = YES_ERROR;
				CLANG_WARN_DOCUMENTATION_COMMENTS = YES;
				CLANG_WARN_EMPTY_BODY = YES;
				CLANG_WARN_ENUM_CONVERSION = YES;
				CLANG_WARN_INFINITE_RECURSION = YES;
				CLANG_WARN_INT_CONVERSION = YES;
				CLANG_WARN_NON_LITERAL_NULL_CONVERSION = YES;
				CLANG_WARN_OBJC_IMPLICIT_RETAIN_SELF = YES;
				CLANG_WARN_OBJC_LITERAL_CONVERSION = YES;
				CLANG_WARN_OBJC_ROOT_CLASS = YES_ERROR;
				CLANG_WARN_RANGE_LOOP_ANALYSIS = YES;
				CLANG_WARN_STRICT_PROTOTYPES = YES;
				CLANG_WARN_SUSPICIOUS_MOVE = YES;
				CLANG_WARN_UNGUARDED_AVAILABILITY = YES_AGGRESSIVE;
				CLANG_WARN_UNREACHABLE_CODE = YES;
				CLANG_WARN__DUPLICATE_METHOD_MATCH = YES;
				CODE_SIGN_IDENTITY = "iPhone Developer";
				COPY_PHASE_STRIP = NO;
				DEBUG_INFORMATION_FORMAT = dwarf;
				ENABLE_STRICT_OBJC_MSGSEND = YES;
				ENABLE_TESTABILITY = YES;
				GCC_C_LANGUAGE_STANDARD = gnu11;
				GCC_DYNAMIC_NO_PIC = NO;
				GCC_NO_COMMON_BLOCKS = YES;
				GCC_OPTIMIZATION_LEVEL = 0;
				GCC_PREPROCESSOR_DEFINITIONS = (
					"DEBUG=1",
					"$(inherited)",
				);
				GCC_WARN_64_TO_32_BIT_CONVERSION = YES;
				GCC_WARN_ABOUT_RETURN_TYPE = YES_ERROR;
				GCC_WARN_UNDECLARED_SELECTOR = YES;
				GCC_WARN_UNINITIALIZED_AUTOS = YES_AGGRESSIVE;
				GCC_WARN_UNUSED_FUNCTION = YES;
				GCC_WARN_UNUSED_VARIABLE = YES;
				IPHONEOS_DEPLOYMENT_TARGET = 11.0;
				MTL_ENABLE_DEBUG_INFO = YES;
				ONLY_ACTIVE_ARCH = YES;
				SDKROOT = iphoneos;
				SWIFT_ACTIVE_COMPILATION_CONDITIONS = DEBUG;
				SWIFT_OPTIMIZATION_LEVEL = "-Onone";
			};
			name = Debug;
		};
		842316EF1F2030C300D189D1 /* Release */ = {
			isa = XCBuildConfiguration;
			buildSettings = {
				ALWAYS_SEARCH_USER_PATHS = NO;
				CLANG_ANALYZER_NONNULL = YES;
				CLANG_ANALYZER_NUMBER_OBJECT_CONVERSION = YES_AGGRESSIVE;
				CLANG_CXX_LANGUAGE_STANDARD = "gnu++14";
				CLANG_CXX_LIBRARY = "libc++";
				CLANG_ENABLE_MODULES = YES;
				CLANG_ENABLE_OBJC_ARC = YES;
				CLANG_WARN_BLOCK_CAPTURE_AUTORELEASING = YES;
				CLANG_WARN_BOOL_CONVERSION = YES;
				CLANG_WARN_COMMA = YES;
				CLANG_WARN_CONSTANT_CONVERSION = YES;
				CLANG_WARN_DEPRECATED_OBJC_IMPLEMENTATIONS = YES;
				CLANG_WARN_DIRECT_OBJC_ISA_USAGE = YES_ERROR;
				CLANG_WARN_DOCUMENTATION_COMMENTS = YES;
				CLANG_WARN_EMPTY_BODY = YES;
				CLANG_WARN_ENUM_CONVERSION = YES;
				CLANG_WARN_INFINITE_RECURSION = YES;
				CLANG_WARN_INT_CONVERSION = YES;
				CLANG_WARN_NON_LITERAL_NULL_CONVERSION = YES;
				CLANG_WARN_OBJC_IMPLICIT_RETAIN_SELF = YES;
				CLANG_WARN_OBJC_LITERAL_CONVERSION = YES;
				CLANG_WARN_OBJC_ROOT_CLASS = YES_ERROR;
				CLANG_WARN_RANGE_LOOP_ANALYSIS = YES;
				CLANG_WARN_STRICT_PROTOTYPES = YES;
				CLANG_WARN_SUSPICIOUS_MOVE = YES;
				CLANG_WARN_UNGUARDED_AVAILABILITY = YES_AGGRESSIVE;
				CLANG_WARN_UNREACHABLE_CODE = YES;
				CLANG_WARN__DUPLICATE_METHOD_MATCH = YES;
				CODE_SIGN_IDENTITY = "iPhone Developer";
				COPY_PHASE_STRIP = NO;
				DEBUG_INFORMATION_FORMAT = "dwarf-with-dsym";
				ENABLE_NS_ASSERTIONS = NO;
				ENABLE_STRICT_OBJC_MSGSEND = YES;
				GCC_C_LANGUAGE_STANDARD = gnu11;
				GCC_NO_COMMON_BLOCKS = YES;
				GCC_WARN_64_TO_32_BIT_CONVERSION = YES;
				GCC_WARN_ABOUT_RETURN_TYPE = YES_ERROR;
				GCC_WARN_UNDECLARED_SELECTOR = YES;
				GCC_WARN_UNINITIALIZED_AUTOS = YES_AGGRESSIVE;
				GCC_WARN_UNUSED_FUNCTION = YES;
				GCC_WARN_UNUSED_VARIABLE = YES;
				IPHONEOS_DEPLOYMENT_TARGET = 11.0;
				MTL_ENABLE_DEBUG_INFO = NO;
				SDKROOT = iphoneos;
				SWIFT_COMPILATION_MODE = wholemodule;
				SWIFT_OPTIMIZATION_LEVEL = "-Owholemodule";
				VALIDATE_PRODUCT = YES;
			};
			name = Release;
		};
		842316F11F2030C300D189D1 /* Debug */ = {
			isa = XCBuildConfiguration;
			buildSettings = {
				ALWAYS_EMBED_SWIFT_STANDARD_LIBRARIES = YES;
				ASSETCATALOG_COMPILER_APPICON_NAME = AppIcon;
				DEVELOPMENT_TEAM = GZABHNF58X;
				INFOPLIST_FILE = "$(SRCROOT)/Gravity/Info.plist";
				IPHONEOS_DEPLOYMENT_TARGET = 11.2;
				LD_RUNPATH_SEARCH_PATHS = "$(inherited) @executable_path/Frameworks";
				PRODUCT_BUNDLE_IDENTIFIER = "com.limit-point.Gravity";
				PRODUCT_NAME = "$(TARGET_NAME)";
				PROVISIONING_PROFILE_SPECIFIER = "";
				SWIFT_VERSION = 4.0;
				TARGETED_DEVICE_FAMILY = "1,2";
			};
			name = Debug;
		};
		842316F21F2030C300D189D1 /* Release */ = {
			isa = XCBuildConfiguration;
			buildSettings = {
				ALWAYS_EMBED_SWIFT_STANDARD_LIBRARIES = YES;
				ASSETCATALOG_COMPILER_APPICON_NAME = AppIcon;
				DEVELOPMENT_TEAM = GZABHNF58X;
				INFOPLIST_FILE = "$(SRCROOT)/Gravity/Info.plist";
				IPHONEOS_DEPLOYMENT_TARGET = 11.2;
				LD_RUNPATH_SEARCH_PATHS = "$(inherited) @executable_path/Frameworks";
				PRODUCT_BUNDLE_IDENTIFIER = "com.limit-point.Gravity";
				PRODUCT_NAME = "$(TARGET_NAME)";
				PROVISIONING_PROFILE_SPECIFIER = "";
				SWIFT_VERSION = 4.0;
				TARGETED_DEVICE_FAMILY = "1,2";
			};
			name = Release;
		};
/* End XCBuildConfiguration section */

/* Begin XCConfigurationList section */
		842316D71F2030C300D189D1 /* Build configuration list for PBXProject "Gravity" */ = {
			isa = XCConfigurationList;
			buildConfigurations = (
				842316EE1F2030C300D189D1 /* Debug */,
				842316EF1F2030C300D189D1 /* Release */,
			);
			defaultConfigurationIsVisible = 0;
			defaultConfigurationName = Release;
		};
		842316F01F2030C300D189D1 /* Build configuration list for PBXNativeTarget "Gravity" */ = {
			isa = XCConfigurationList;
			buildConfigurations = (
				842316F11F2030C300D189D1 /* Debug */,
				842316F21F2030C300D189D1 /* Release */,
			);
			defaultConfigurationIsVisible = 0;
			defaultConfigurationName = Release;
		};
/* End XCConfigurationList section */
	};
	rootObject = 842316D41F2030C300D189D1 /* Project object */;
}
